
Microsoft Visual Studio Solution File, Format Version 12.00
# Visual Studio Version 16
VisualStudioVersion = 16.0.29519.87
MinimumVisualStudioVersion = 10.0.40219.1
Project("{FAE04EC0-301F-11D3-BF4B-00C04F79EFBC}") = "Temperature Statistics", "Temperature Statistics\Temperature Statistics.csproj", "{B2202A78-9BC5-4BE0-9A1E-223F676E833B}"
EndProject
Global
	GlobalSection(SolutionConfigurationPlatforms) = preSolution
		Debug|Any CPU = Debug|Any CPU
		Release|Any CPU = Release|Any CPU
	EndGlobalSection
	GlobalSection(ProjectConfigurationPlatforms) = postSolution
		{B2202A78-9BC5-4BE0-9A1E-223F676E833B}.Debug|Any CPU.ActiveCfg = Debug|Any CPU
		{B2202A78-9BC5-4BE0-9A1E-223F676E833B}.Debug|Any CPU.Build.0 = Debug|Any CPU
		{B2202A78-9BC5-4BE0-9A1E-223F676E833B}.Release|Any CPU.ActiveCfg = Release|Any CPU
		{B2202A78-9BC5-4BE0-9A1E-223F676E833B}.Release|Any CPU.Build.0 = Release|Any CPU
	EndGlobalSection
	GlobalSection(SolutionProperties) = preSolution
		HideSolutionNode = FALSE
	EndGlobalSection
	GlobalSection(ExtensibilityGlobals) = postSolution
		SolutionGuid = {11DABF93-683A-48FD-AC6E-4FC4863A8266}
	EndGlobalSection
EndGlobal
