
Microsoft Visual Studio Solution File, Format Version 12.00
# Visual Studio Version 16
VisualStudioVersion = 16.0.29519.87
MinimumVisualStudioVersion = 10.0.40219.1
Project("{FAE04EC0-301F-11D3-BF4B-00C04F79EFBC}") = "Temperature Statistics (Mehrdimensional)", "Temperature Statistics (Mehrdimensional)\Temperature Statistics (Mehrdimensional).csproj", "{42A7FBBB-741F-4B0A-9461-57D6CA9B7571}"
EndProject
Global
	GlobalSection(SolutionConfigurationPlatforms) = preSolution
		Debug|Any CPU = Debug|Any CPU
		Release|Any CPU = Release|Any CPU
	EndGlobalSection
	GlobalSection(ProjectConfigurationPlatforms) = postSolution
		{42A7FBBB-741F-4B0A-9461-57D6CA9B7571}.Debug|Any CPU.ActiveCfg = Debug|Any CPU
		{42A7FBBB-741F-4B0A-9461-57D6CA9B7571}.Debug|Any CPU.Build.0 = Debug|Any CPU
		{42A7FBBB-741F-4B0A-9461-57D6CA9B7571}.Release|Any CPU.ActiveCfg = Release|Any CPU
		{42A7FBBB-741F-4B0A-9461-57D6CA9B7571}.Release|Any CPU.Build.0 = Release|Any CPU
	EndGlobalSection
	GlobalSection(SolutionProperties) = preSolution
		HideSolutionNode = FALSE
	EndGlobalSection
	GlobalSection(ExtensibilityGlobals) = postSolution
		SolutionGuid = {10AC0AFA-D4EA-43BE-B0BA-99965F9E7858}
	EndGlobalSection
EndGlobal
